<?xml version="1.0" encoding="UTF-8"?>
<CodeBlocks_project_file>
	<FileVersion major="1" minor="6"/>
	<Project>
		<Option title="DemandDrivenDefUseAnalysis"/>
		<Option makefile_is_custom="1"/>
		<Option compiler="clang"/>
		<Option virtualFolders="CMake Files\;"/>
		<Build>
			<Target title="all">
				<Option working_dir="/home/saber/GitHub/DemandDrivenDefUseAnalysis/build-DemandDrivenDefUseAnalysis-compiler_project-Default"/>
				<Option type="4"/>
				<MakeCommands>
					<Build command="/usr/bin/make -j4 -f &quot;/home/saber/GitHub/DemandDrivenDefUseAnalysis/build-DemandDrivenDefUseAnalysis-compiler_project-Default/Makefile&quot;  VERBOSE=1 all"/>
					<CompileFile command="/usr/bin/make -j4 -f &quot;/home/saber/GitHub/DemandDrivenDefUseAnalysis/build-DemandDrivenDefUseAnalysis-compiler_project-Default/Makefile&quot;  VERBOSE=1 &quot;$file&quot;"/>
					<Clean command="/usr/bin/make -j4 -f &quot;/home/saber/GitHub/DemandDrivenDefUseAnalysis/build-DemandDrivenDefUseAnalysis-compiler_project-Default/Makefile&quot;  VERBOSE=1 clean"/>
					<DistClean command="/usr/bin/make -j4 -f &quot;/home/saber/GitHub/DemandDrivenDefUseAnalysis/build-DemandDrivenDefUseAnalysis-compiler_project-Default/Makefile&quot;  VERBOSE=1 clean"/>
				</MakeCommands>
			</Target>
			<Target title="rebuild_cache">
				<Option working_dir="/home/saber/GitHub/DemandDrivenDefUseAnalysis/build-DemandDrivenDefUseAnalysis-compiler_project-Default"/>
				<Option type="4"/>
				<MakeCommands>
					<Build command="/usr/bin/make -j4 -f &quot;/home/saber/GitHub/DemandDrivenDefUseAnalysis/build-DemandDrivenDefUseAnalysis-compiler_project-Default/Makefile&quot;  VERBOSE=1 rebuild_cache"/>
					<CompileFile command="/usr/bin/make -j4 -f &quot;/home/saber/GitHub/DemandDrivenDefUseAnalysis/build-DemandDrivenDefUseAnalysis-compiler_project-Default/Makefile&quot;  VERBOSE=1 &quot;$file&quot;"/>
					<Clean command="/usr/bin/make -j4 -f &quot;/home/saber/GitHub/DemandDrivenDefUseAnalysis/build-DemandDrivenDefUseAnalysis-compiler_project-Default/Makefile&quot;  VERBOSE=1 clean"/>
					<DistClean command="/usr/bin/make -j4 -f &quot;/home/saber/GitHub/DemandDrivenDefUseAnalysis/build-DemandDrivenDefUseAnalysis-compiler_project-Default/Makefile&quot;  VERBOSE=1 clean"/>
				</MakeCommands>
			</Target>
			<Target title="correlationDetection">
				<Option output="/home/saber/GitHub/DemandDrivenDefUseAnalysis/build-DemandDrivenDefUseAnalysis-compiler_project-Default/libcorrelationDetection.so" prefix_auto="0" extension_auto="0"/>
				<Option working_dir="/home/saber/GitHub/DemandDrivenDefUseAnalysis/build-DemandDrivenDefUseAnalysis-compiler_project-Default"/>
				<Option object_output="./"/>
				<Option type="3"/>
				<Option compiler="clang"/>
				<Compiler>
					<Add directory="/home/saber/llvm/4.0.1/include"/>
					<Add directory="/usr/lib/gcc/x86_64-linux-gnu/5.4.0/../../../../include/c++/5.4.0"/>
					<Add directory="/usr/lib/gcc/x86_64-linux-gnu/5.4.0/../../../../include/x86_64-linux-gnu/c++/5.4.0"/>
					<Add directory="/usr/lib/gcc/x86_64-linux-gnu/5.4.0/../../../../include/c++/5.4.0/backward"/>
					<Add directory="/usr/local/include"/>
					<Add directory="/home/saber/llvm/4.0.1/bin/../lib/clang/4.0.1/include"/>
					<Add directory="/usr/include/x86_64-linux-gnu"/>
					<Add directory="/usr/include"/>
				</Compiler>
				<MakeCommands>
					<Build command="/usr/bin/make -j4 -f &quot;/home/saber/GitHub/DemandDrivenDefUseAnalysis/build-DemandDrivenDefUseAnalysis-compiler_project-Default/Makefile&quot;  VERBOSE=1 correlationDetection"/>
					<CompileFile command="/usr/bin/make -j4 -f &quot;/home/saber/GitHub/DemandDrivenDefUseAnalysis/build-DemandDrivenDefUseAnalysis-compiler_project-Default/Makefile&quot;  VERBOSE=1 &quot;$file&quot;"/>
					<Clean command="/usr/bin/make -j4 -f &quot;/home/saber/GitHub/DemandDrivenDefUseAnalysis/build-DemandDrivenDefUseAnalysis-compiler_project-Default/Makefile&quot;  VERBOSE=1 clean"/>
					<DistClean command="/usr/bin/make -j4 -f &quot;/home/saber/GitHub/DemandDrivenDefUseAnalysis/build-DemandDrivenDefUseAnalysis-compiler_project-Default/Makefile&quot;  VERBOSE=1 clean"/>
				</MakeCommands>
			</Target>
			<Target title="correlationDetection/fast">
				<Option output="/home/saber/GitHub/DemandDrivenDefUseAnalysis/build-DemandDrivenDefUseAnalysis-compiler_project-Default/libcorrelationDetection.so" prefix_auto="0" extension_auto="0"/>
				<Option working_dir="/home/saber/GitHub/DemandDrivenDefUseAnalysis/build-DemandDrivenDefUseAnalysis-compiler_project-Default"/>
				<Option object_output="./"/>
				<Option type="3"/>
				<Option compiler="clang"/>
				<Compiler>
					<Add directory="/home/saber/llvm/4.0.1/include"/>
					<Add directory="/usr/lib/gcc/x86_64-linux-gnu/5.4.0/../../../../include/c++/5.4.0"/>
					<Add directory="/usr/lib/gcc/x86_64-linux-gnu/5.4.0/../../../../include/x86_64-linux-gnu/c++/5.4.0"/>
					<Add directory="/usr/lib/gcc/x86_64-linux-gnu/5.4.0/../../../../include/c++/5.4.0/backward"/>
					<Add directory="/usr/local/include"/>
					<Add directory="/home/saber/llvm/4.0.1/bin/../lib/clang/4.0.1/include"/>
					<Add directory="/usr/include/x86_64-linux-gnu"/>
					<Add directory="/usr/include"/>
				</Compiler>
				<MakeCommands>
					<Build command="/usr/bin/make -j4 -f &quot;/home/saber/GitHub/DemandDrivenDefUseAnalysis/build-DemandDrivenDefUseAnalysis-compiler_project-Default/Makefile&quot;  VERBOSE=1 correlationDetection/fast"/>
					<CompileFile command="/usr/bin/make -j4 -f &quot;/home/saber/GitHub/DemandDrivenDefUseAnalysis/build-DemandDrivenDefUseAnalysis-compiler_project-Default/Makefile&quot;  VERBOSE=1 &quot;$file&quot;"/>
					<Clean command="/usr/bin/make -j4 -f &quot;/home/saber/GitHub/DemandDrivenDefUseAnalysis/build-DemandDrivenDefUseAnalysis-compiler_project-Default/Makefile&quot;  VERBOSE=1 clean"/>
					<DistClean command="/usr/bin/make -j4 -f &quot;/home/saber/GitHub/DemandDrivenDefUseAnalysis/build-DemandDrivenDefUseAnalysis-compiler_project-Default/Makefile&quot;  VERBOSE=1 clean"/>
				</MakeCommands>
			</Target>
			<Target title="edit_cache">
				<Option working_dir="/home/saber/GitHub/DemandDrivenDefUseAnalysis/build-DemandDrivenDefUseAnalysis-compiler_project-Default"/>
				<Option type="4"/>
				<MakeCommands>
					<Build command="/usr/bin/make -j4 -f &quot;/home/saber/GitHub/DemandDrivenDefUseAnalysis/build-DemandDrivenDefUseAnalysis-compiler_project-Default/Makefile&quot;  VERBOSE=1 edit_cache"/>
					<CompileFile command="/usr/bin/make -j4 -f &quot;/home/saber/GitHub/DemandDrivenDefUseAnalysis/build-DemandDrivenDefUseAnalysis-compiler_project-Default/Makefile&quot;  VERBOSE=1 &quot;$file&quot;"/>
					<Clean command="/usr/bin/make -j4 -f &quot;/home/saber/GitHub/DemandDrivenDefUseAnalysis/build-DemandDrivenDefUseAnalysis-compiler_project-Default/Makefile&quot;  VERBOSE=1 clean"/>
					<DistClean command="/usr/bin/make -j4 -f &quot;/home/saber/GitHub/DemandDrivenDefUseAnalysis/build-DemandDrivenDefUseAnalysis-compiler_project-Default/Makefile&quot;  VERBOSE=1 clean"/>
				</MakeCommands>
			</Target>
			<Target title="defUseAnalysis">
				<Option output="/home/saber/GitHub/DemandDrivenDefUseAnalysis/build-DemandDrivenDefUseAnalysis-compiler_project-Default/libdefUseAnalysis.so" prefix_auto="0" extension_auto="0"/>
				<Option working_dir="/home/saber/GitHub/DemandDrivenDefUseAnalysis/build-DemandDrivenDefUseAnalysis-compiler_project-Default"/>
				<Option object_output="./"/>
				<Option type="3"/>
				<Option compiler="clang"/>
				<Compiler>
					<Add directory="/home/saber/llvm/4.0.1/include"/>
					<Add directory="/usr/lib/gcc/x86_64-linux-gnu/5.4.0/../../../../include/c++/5.4.0"/>
					<Add directory="/usr/lib/gcc/x86_64-linux-gnu/5.4.0/../../../../include/x86_64-linux-gnu/c++/5.4.0"/>
					<Add directory="/usr/lib/gcc/x86_64-linux-gnu/5.4.0/../../../../include/c++/5.4.0/backward"/>
					<Add directory="/usr/local/include"/>
					<Add directory="/home/saber/llvm/4.0.1/bin/../lib/clang/4.0.1/include"/>
					<Add directory="/usr/include/x86_64-linux-gnu"/>
					<Add directory="/usr/include"/>
				</Compiler>
				<MakeCommands>
					<Build command="/usr/bin/make -j4 -f &quot;/home/saber/GitHub/DemandDrivenDefUseAnalysis/build-DemandDrivenDefUseAnalysis-compiler_project-Default/Makefile&quot;  VERBOSE=1 defUseAnalysis"/>
					<CompileFile command="/usr/bin/make -j4 -f &quot;/home/saber/GitHub/DemandDrivenDefUseAnalysis/build-DemandDrivenDefUseAnalysis-compiler_project-Default/Makefile&quot;  VERBOSE=1 &quot;$file&quot;"/>
					<Clean command="/usr/bin/make -j4 -f &quot;/home/saber/GitHub/DemandDrivenDefUseAnalysis/build-DemandDrivenDefUseAnalysis-compiler_project-Default/Makefile&quot;  VERBOSE=1 clean"/>
					<DistClean command="/usr/bin/make -j4 -f &quot;/home/saber/GitHub/DemandDrivenDefUseAnalysis/build-DemandDrivenDefUseAnalysis-compiler_project-Default/Makefile&quot;  VERBOSE=1 clean"/>
				</MakeCommands>
			</Target>
			<Target title="defUseAnalysis/fast">
				<Option output="/home/saber/GitHub/DemandDrivenDefUseAnalysis/build-DemandDrivenDefUseAnalysis-compiler_project-Default/libdefUseAnalysis.so" prefix_auto="0" extension_auto="0"/>
				<Option working_dir="/home/saber/GitHub/DemandDrivenDefUseAnalysis/build-DemandDrivenDefUseAnalysis-compiler_project-Default"/>
				<Option object_output="./"/>
				<Option type="3"/>
				<Option compiler="clang"/>
				<Compiler>
					<Add directory="/home/saber/llvm/4.0.1/include"/>
					<Add directory="/usr/lib/gcc/x86_64-linux-gnu/5.4.0/../../../../include/c++/5.4.0"/>
					<Add directory="/usr/lib/gcc/x86_64-linux-gnu/5.4.0/../../../../include/x86_64-linux-gnu/c++/5.4.0"/>
					<Add directory="/usr/lib/gcc/x86_64-linux-gnu/5.4.0/../../../../include/c++/5.4.0/backward"/>
					<Add directory="/usr/local/include"/>
					<Add directory="/home/saber/llvm/4.0.1/bin/../lib/clang/4.0.1/include"/>
					<Add directory="/usr/include/x86_64-linux-gnu"/>
					<Add directory="/usr/include"/>
				</Compiler>
				<MakeCommands>
					<Build command="/usr/bin/make -j4 -f &quot;/home/saber/GitHub/DemandDrivenDefUseAnalysis/build-DemandDrivenDefUseAnalysis-compiler_project-Default/Makefile&quot;  VERBOSE=1 defUseAnalysis/fast"/>
					<CompileFile command="/usr/bin/make -j4 -f &quot;/home/saber/GitHub/DemandDrivenDefUseAnalysis/build-DemandDrivenDefUseAnalysis-compiler_project-Default/Makefile&quot;  VERBOSE=1 &quot;$file&quot;"/>
					<Clean command="/usr/bin/make -j4 -f &quot;/home/saber/GitHub/DemandDrivenDefUseAnalysis/build-DemandDrivenDefUseAnalysis-compiler_project-Default/Makefile&quot;  VERBOSE=1 clean"/>
					<DistClean command="/usr/bin/make -j4 -f &quot;/home/saber/GitHub/DemandDrivenDefUseAnalysis/build-DemandDrivenDefUseAnalysis-compiler_project-Default/Makefile&quot;  VERBOSE=1 clean"/>
				</MakeCommands>
			</Target>
			<Target title="test">
				<Option working_dir="/home/saber/GitHub/DemandDrivenDefUseAnalysis/build-DemandDrivenDefUseAnalysis-compiler_project-Default"/>
				<Option type="4"/>
				<MakeCommands>
					<Build command="/usr/bin/make -j4 -f &quot;/home/saber/GitHub/DemandDrivenDefUseAnalysis/build-DemandDrivenDefUseAnalysis-compiler_project-Default/Makefile&quot;  VERBOSE=1 test"/>
					<CompileFile command="/usr/bin/make -j4 -f &quot;/home/saber/GitHub/DemandDrivenDefUseAnalysis/build-DemandDrivenDefUseAnalysis-compiler_project-Default/Makefile&quot;  VERBOSE=1 &quot;$file&quot;"/>
					<Clean command="/usr/bin/make -j4 -f &quot;/home/saber/GitHub/DemandDrivenDefUseAnalysis/build-DemandDrivenDefUseAnalysis-compiler_project-Default/Makefile&quot;  VERBOSE=1 clean"/>
					<DistClean command="/usr/bin/make -j4 -f &quot;/home/saber/GitHub/DemandDrivenDefUseAnalysis/build-DemandDrivenDefUseAnalysis-compiler_project-Default/Makefile&quot;  VERBOSE=1 clean"/>
				</MakeCommands>
			</Target>
		</Build>
		<Unit filename="/home/saber/GitHub/DemandDrivenDefUseAnalysis/correlationDetection.cpp">
			<Option target="correlationDetection"/>
		</Unit>
		<Unit filename="/home/saber/GitHub/DemandDrivenDefUseAnalysis/defUseAnalysis.cpp">
			<Option target="defUseAnalysis"/>
		</Unit>
		<Unit filename="/home/saber/GitHub/DemandDrivenDefUseAnalysis/demandDrivenDataFlowHelper.h">
			<Option target="correlationDetection"/>
			<Option target="defUseAnalysis"/>
		</Unit>
		<Unit filename="/home/saber/GitHub/DemandDrivenDefUseAnalysis/CMakeLists.txt">
			<Option virtualFolder="CMake Files\"/>
		</Unit>
		<Unit filename="/home/saber/GitHub/DemandDrivenDefUseAnalysis/infeasePathToyExample.ll">
			<Option virtualFolder="CMake Files\"/>
		</Unit>
		<Unit filename="/home/saber/GitHub/DemandDrivenDefUseAnalysis/infeasePath_simplest.ll">
			<Option virtualFolder="CMake Files\"/>
		</Unit>
		<Unit filename="/home/saber/GitHub/DemandDrivenDefUseAnalysis/twoBranches.ll">
			<Option virtualFolder="CMake Files\"/>
		</Unit>
		<Unit filename="/home/saber/GitHub/DemandDrivenDefUseAnalysis/twoBranches_success.ll">
			<Option virtualFolder="CMake Files\"/>
		</Unit>
	</Project>
</CodeBlocks_project_file>
